{
    "version": 3,
    "terraform_version": "0.10.7",
    "serial": 9,
    "lineage": "dc47591e-b4ea-44a9-ae79-dae9cc8bb9f6",
    "modules": [
        {
            "path": [
                "root"
            ],
            "outputs": {
                "elb_dns_name": {
                    "sensitive": false,
                    "type": "string",
                    "value": "terraform-asg-firstCluster-451938316.us-east-1.elb.amazonaws.com"
                }
            },
            "resources": {
                "aws_autoscaling_group.firstCluster": {
                    "type": "aws_autoscaling_group",
                    "depends_on": [
                        "aws_elb.firstCluster",
                        "aws_launch_configuration.firstCluster",
                        "data.aws_availability_zones.all"
                    ],
                    "primary": {
                        "id": "tf-asg-20171023061108289900000002",
                        "attributes": {
                            "arn": "arn:aws:autoscaling:us-east-1:145012241167:autoScalingGroup:a41dfd7d-22e8-49a5-8d2c-911711fd7a4d:autoScalingGroupName/tf-asg-20171023061108289900000002",
                            "availability_zones.#": "6",
                            "availability_zones.1252502072": "us-east-1f",
                            "availability_zones.1305112097": "us-east-1b",
                            "availability_zones.2762590996": "us-east-1d",
                            "availability_zones.3551460226": "us-east-1e",
                            "availability_zones.3569565595": "us-east-1a",
                            "availability_zones.986537655": "us-east-1c",
                            "default_cooldown": "300",
                            "desired_capacity": "2",
                            "force_delete": "false",
                            "health_check_grace_period": "300",
                            "health_check_type": "ELB",
                            "id": "tf-asg-20171023061108289900000002",
                            "launch_configuration": "terraform-20171023061105004300000001",
                            "load_balancers.#": "1",
                            "load_balancers.3335531768": "terraform-asg-firstCluster",
                            "max_size": "10",
                            "metrics_granularity": "1Minute",
                            "min_size": "2",
                            "name": "tf-asg-20171023061108289900000002",
                            "placement_group": "",
                            "protect_from_scale_in": "false",
                            "suspended_processes.#": "0",
                            "tag.#": "1",
                            "tag.1259244874.key": "Name",
                            "tag.1259244874.propagate_at_launch": "true",
                            "tag.1259244874.value": "terraform-asg-firstCluster",
                            "target_group_arns.#": "0",
                            "termination_policies.#": "0",
                            "vpc_zone_identifier.#": "0",
                            "wait_for_capacity_timeout": "10m"
                        },
                        "meta": {
                            "e2bfb730-ecaa-11e6-8f88-34363bc7c4c0": {
                                "delete": 600000000000
                            }
                        },
                        "tainted": false
                    },
                    "deposed": [],
                    "provider": ""
                },
                "aws_elb.firstCluster": {
                    "type": "aws_elb",
                    "depends_on": [
                        "aws_security_group.elb",
                        "data.aws_availability_zones.all"
                    ],
                    "primary": {
                        "id": "terraform-asg-firstCluster",
                        "attributes": {
                            "access_logs.#": "0",
                            "availability_zones.#": "6",
                            "availability_zones.1252502072": "us-east-1f",
                            "availability_zones.1305112097": "us-east-1b",
                            "availability_zones.2762590996": "us-east-1d",
                            "availability_zones.3551460226": "us-east-1e",
                            "availability_zones.3569565595": "us-east-1a",
                            "availability_zones.986537655": "us-east-1c",
                            "connection_draining": "false",
                            "connection_draining_timeout": "300",
                            "cross_zone_load_balancing": "true",
                            "dns_name": "terraform-asg-firstCluster-451938316.us-east-1.elb.amazonaws.com",
                            "health_check.#": "1",
                            "health_check.0.healthy_threshold": "2",
                            "health_check.0.interval": "30",
                            "health_check.0.target": "HTTP:8080/",
                            "health_check.0.timeout": "3",
                            "health_check.0.unhealthy_threshold": "2",
                            "id": "terraform-asg-firstCluster",
                            "idle_timeout": "60",
                            "instances.#": "0",
                            "internal": "false",
                            "listener.#": "1",
                            "listener.3931999347.instance_port": "8080",
                            "listener.3931999347.instance_protocol": "http",
                            "listener.3931999347.lb_port": "80",
                            "listener.3931999347.lb_protocol": "http",
                            "listener.3931999347.ssl_certificate_id": "",
                            "name": "terraform-asg-firstCluster",
                            "security_groups.#": "1",
                            "security_groups.1463972100": "sg-d12841a3",
                            "source_security_group": "145012241167/terraform-firstEC2-elb",
                            "source_security_group_id": "sg-d12841a3",
                            "subnets.#": "6",
                            "subnets.1955474423": "subnet-135aba3c",
                            "subnets.2124281023": "subnet-d4a197d8",
                            "subnets.2249974352": "subnet-124faa4f",
                            "subnets.2671247898": "subnet-9603a6a9",
                            "subnets.2745928796": "subnet-8c40e2c7",
                            "subnets.722351603": "subnet-9935b4fd",
                            "tags.%": "0",
                            "zone_id": "Z35SXDOTRQ7X7K"
                        },
                        "meta": {},
                        "tainted": false
                    },
                    "deposed": [],
                    "provider": ""
                },
                "aws_launch_configuration.firstCluster": {
                    "type": "aws_launch_configuration",
                    "depends_on": [
                        "aws_security_group.instance"
                    ],
                    "primary": {
                        "id": "terraform-20171023061105004300000001",
                        "attributes": {
                            "associate_public_ip_address": "false",
                            "ebs_block_device.#": "0",
                            "ebs_optimized": "false",
                            "enable_monitoring": "true",
                            "ephemeral_block_device.#": "0",
                            "iam_instance_profile": "",
                            "id": "terraform-20171023061105004300000001",
                            "image_id": "ami-2d39803a",
                            "instance_type": "t2.micro",
                            "key_name": "helloWorld",
                            "name": "terraform-20171023061105004300000001",
                            "root_block_device.#": "0",
                            "security_groups.#": "1",
                            "security_groups.2006933303": "sg-31d7b943",
                            "spot_price": "",
                            "user_data": "db75d909049f52b3a2f87c1375d875bd487a53db",
                            "vpc_classic_link_id": "",
                            "vpc_classic_link_security_groups.#": "0"
                        },
                        "meta": {},
                        "tainted": false
                    },
                    "deposed": [],
                    "provider": ""
                },
                "aws_security_group.elb": {
                    "type": "aws_security_group",
                    "depends_on": [],
                    "primary": {
                        "id": "sg-d12841a3",
                        "attributes": {
                            "description": "Managed by Terraform",
                            "egress.#": "1",
                            "egress.482069346.cidr_blocks.#": "1",
                            "egress.482069346.cidr_blocks.0": "0.0.0.0/0",
                            "egress.482069346.description": "",
                            "egress.482069346.from_port": "0",
                            "egress.482069346.ipv6_cidr_blocks.#": "0",
                            "egress.482069346.prefix_list_ids.#": "0",
                            "egress.482069346.protocol": "-1",
                            "egress.482069346.security_groups.#": "0",
                            "egress.482069346.self": "false",
                            "egress.482069346.to_port": "0",
                            "id": "sg-d12841a3",
                            "ingress.#": "1",
                            "ingress.2214680975.cidr_blocks.#": "1",
                            "ingress.2214680975.cidr_blocks.0": "0.0.0.0/0",
                            "ingress.2214680975.description": "",
                            "ingress.2214680975.from_port": "80",
                            "ingress.2214680975.ipv6_cidr_blocks.#": "0",
                            "ingress.2214680975.protocol": "tcp",
                            "ingress.2214680975.security_groups.#": "0",
                            "ingress.2214680975.self": "false",
                            "ingress.2214680975.to_port": "80",
                            "name": "terraform-firstEC2-elb",
                            "owner_id": "145012241167",
                            "tags.%": "0",
                            "vpc_id": "vpc-7b9d4203"
                        },
                        "meta": {},
                        "tainted": false
                    },
                    "deposed": [],
                    "provider": ""
                },
                "aws_security_group.instance": {
                    "type": "aws_security_group",
                    "depends_on": [],
                    "primary": {
                        "id": "sg-31d7b943",
                        "attributes": {
                            "description": "Managed by Terraform",
                            "egress.#": "0",
                            "id": "sg-31d7b943",
                            "ingress.#": "1",
                            "ingress.516175195.cidr_blocks.#": "1",
                            "ingress.516175195.cidr_blocks.0": "0.0.0.0/0",
                            "ingress.516175195.description": "",
                            "ingress.516175195.from_port": "8080",
                            "ingress.516175195.ipv6_cidr_blocks.#": "0",
                            "ingress.516175195.protocol": "tcp",
                            "ingress.516175195.security_groups.#": "0",
                            "ingress.516175195.self": "false",
                            "ingress.516175195.to_port": "8080",
                            "name": "terraform-firstEC2-instance",
                            "owner_id": "145012241167",
                            "tags.%": "0",
                            "vpc_id": "vpc-7b9d4203"
                        },
                        "meta": {},
                        "tainted": false
                    },
                    "deposed": [],
                    "provider": ""
                },
                "data.aws_availability_zones.all": {
                    "type": "aws_availability_zones",
                    "depends_on": [],
                    "primary": {
                        "id": "2017-10-23 06:11:01.4193825 +0000 UTC",
                        "attributes": {
                            "id": "2017-10-23 06:11:01.4193825 +0000 UTC",
                            "names.#": "6",
                            "names.0": "us-east-1a",
                            "names.1": "us-east-1b",
                            "names.2": "us-east-1c",
                            "names.3": "us-east-1d",
                            "names.4": "us-east-1e",
                            "names.5": "us-east-1f"
                        },
                        "meta": {},
                        "tainted": false
                    },
                    "deposed": [],
                    "provider": ""
                }
            },
            "depends_on": []
        }
    ]
}
